
Microsoft Visual Studio Solution File, Format Version 12.00
# Visual Studio Version 17
VisualStudioVersion = 17.0.31903.59
MinimumVisualStudioVersion = 10.0.40219.1
Project("{2150E333-8FDC-42A3-9474-1A3956D46DE8}") = "src", "src", "{827E0CD3-B72D-47B6-A68D-7590B98EB39B}"
EndProject
Project("{FAE04EC0-301F-11D3-BF4B-00C04F79EFBC}") = "AuthDemo.Api", "src\AuthDemo.Api\AuthDemo.Api.csproj", "{2814AB8C-89AB-4BA3-9051-287994907E62}"
EndProject
Project("{FAE04EC0-301F-11D3-BF4B-00C04F79EFBC}") = "AuthDemo.Infrastructure", "src\AuthDemo.Infrastructure\AuthDemo.Infrastructure.csproj", "{9CF9ED4E-9A45-45E5-8F4F-3178184989D6}"
EndProject
Global
	GlobalSection(SolutionConfigurationPlatforms) = preSolution
		Debug|Any CPU = Debug|Any CPU
		Debug|x64 = Debug|x64
		Debug|x86 = Debug|x86
		Release|Any CPU = Release|Any CPU
		Release|x64 = Release|x64
		Release|x86 = Release|x86
	EndGlobalSection
	GlobalSection(ProjectConfigurationPlatforms) = postSolution
		{2814AB8C-89AB-4BA3-9051-287994907E62}.Debug|Any CPU.ActiveCfg = Debug|Any CPU
		{2814AB8C-89AB-4BA3-9051-287994907E62}.Debug|Any CPU.Build.0 = Debug|Any CPU
		{2814AB8C-89AB-4BA3-9051-287994907E62}.Debug|x64.ActiveCfg = Debug|Any CPU
		{2814AB8C-89AB-4BA3-9051-287994907E62}.Debug|x64.Build.0 = Debug|Any CPU
		{2814AB8C-89AB-4BA3-9051-287994907E62}.Debug|x86.ActiveCfg = Debug|Any CPU
		{2814AB8C-89AB-4BA3-9051-287994907E62}.Debug|x86.Build.0 = Debug|Any CPU
		{2814AB8C-89AB-4BA3-9051-287994907E62}.Release|Any CPU.ActiveCfg = Release|Any CPU
		{2814AB8C-89AB-4BA3-9051-287994907E62}.Release|Any CPU.Build.0 = Release|Any CPU
		{2814AB8C-89AB-4BA3-9051-287994907E62}.Release|x64.ActiveCfg = Release|Any CPU
		{2814AB8C-89AB-4BA3-9051-287994907E62}.Release|x64.Build.0 = Release|Any CPU
		{2814AB8C-89AB-4BA3-9051-287994907E62}.Release|x86.ActiveCfg = Release|Any CPU
		{2814AB8C-89AB-4BA3-9051-287994907E62}.Release|x86.Build.0 = Release|Any CPU
		{9CF9ED4E-9A45-45E5-8F4F-3178184989D6}.Debug|Any CPU.ActiveCfg = Debug|Any CPU
		{9CF9ED4E-9A45-45E5-8F4F-3178184989D6}.Debug|Any CPU.Build.0 = Debug|Any CPU
		{9CF9ED4E-9A45-45E5-8F4F-3178184989D6}.Debug|x64.ActiveCfg = Debug|Any CPU
		{9CF9ED4E-9A45-45E5-8F4F-3178184989D6}.Debug|x64.Build.0 = Debug|Any CPU
		{9CF9ED4E-9A45-45E5-8F4F-3178184989D6}.Debug|x86.ActiveCfg = Debug|Any CPU
		{9CF9ED4E-9A45-45E5-8F4F-3178184989D6}.Debug|x86.Build.0 = Debug|Any CPU
		{9CF9ED4E-9A45-45E5-8F4F-3178184989D6}.Release|Any CPU.ActiveCfg = Release|Any CPU
		{9CF9ED4E-9A45-45E5-8F4F-3178184989D6}.Release|Any CPU.Build.0 = Release|Any CPU
		{9CF9ED4E-9A45-45E5-8F4F-3178184989D6}.Release|x64.ActiveCfg = Release|Any CPU
		{9CF9ED4E-9A45-45E5-8F4F-3178184989D6}.Release|x64.Build.0 = Release|Any CPU
		{9CF9ED4E-9A45-45E5-8F4F-3178184989D6}.Release|x86.ActiveCfg = Release|Any CPU
		{9CF9ED4E-9A45-45E5-8F4F-3178184989D6}.Release|x86.Build.0 = Release|Any CPU
	EndGlobalSection
	GlobalSection(SolutionProperties) = preSolution
		HideSolutionNode = FALSE
	EndGlobalSection
	GlobalSection(NestedProjects) = preSolution
		{2814AB8C-89AB-4BA3-9051-287994907E62} = {827E0CD3-B72D-47B6-A68D-7590B98EB39B}
		{9CF9ED4E-9A45-45E5-8F4F-3178184989D6} = {827E0CD3-B72D-47B6-A68D-7590B98EB39B}
	EndGlobalSection
EndGlobal
